
Microsoft Visual Studio Solution File, Format Version 12.00
# Visual Studio Version 17
VisualStudioVersion = 17.9.34622.214
MinimumVisualStudioVersion = 10.0.40219.1
Project("{FAE04EC0-301F-11D3-BF4B-00C04F79EFBC}") = "Calculator", "Calculator\Calculator.csproj", "{5AE8329C-5CE9-42FE-9BDE-96E436F1BF9A}"
EndProject
Global
	GlobalSection(SolutionConfigurationPlatforms) = preSolution
		Debug|Any CPU = Debug|Any CPU
		Release|Any CPU = Release|Any CPU
	EndGlobalSection
	GlobalSection(ProjectConfigurationPlatforms) = postSolution
		{5AE8329C-5CE9-42FE-9BDE-96E436F1BF9A}.Debug|Any CPU.ActiveCfg = Debug|Any CPU
		{5AE8329C-5CE9-42FE-9BDE-96E436F1BF9A}.Debug|Any CPU.Build.0 = Debug|Any CPU
		{5AE8329C-5CE9-42FE-9BDE-96E436F1BF9A}.Release|Any CPU.ActiveCfg = Release|Any CPU
		{5AE8329C-5CE9-42FE-9BDE-96E436F1BF9A}.Release|Any CPU.Build.0 = Release|Any CPU
	EndGlobalSection
	GlobalSection(SolutionProperties) = preSolution
		HideSolutionNode = FALSE
	EndGlobalSection
	GlobalSection(ExtensibilityGlobals) = postSolution
		SolutionGuid = {D8990E60-D101-409B-8D67-113D3C4CA092}
	EndGlobalSection
EndGlobal
