
Microsoft Visual Studio Solution File, Format Version 12.00
# Visual Studio Version 17
VisualStudioVersion = 17.10.34928.147
MinimumVisualStudioVersion = 10.0.40219.1
Project("{9A19103F-16F7-4668-BE54-9A1E7A4F7556}") = "Client", "Client\Client.csproj", "{80C914BE-5D5E-4C89-B0BC-488C7ECC3D7E}"
EndProject
Project("{FAE04EC0-301F-11D3-BF4B-00C04F79EFBC}") = "Server", "Server\Server.csproj", "{C57B7FB3-5F34-453B-9ACD-9E4D512BC918}"
EndProject
Global
	GlobalSection(SolutionConfigurationPlatforms) = preSolution
		Debug|Any CPU = Debug|Any CPU
		Release|Any CPU = Release|Any CPU
	EndGlobalSection
	GlobalSection(ProjectConfigurationPlatforms) = postSolution
		{80C914BE-5D5E-4C89-B0BC-488C7ECC3D7E}.Debug|Any CPU.ActiveCfg = Debug|Any CPU
		{80C914BE-5D5E-4C89-B0BC-488C7ECC3D7E}.Debug|Any CPU.Build.0 = Debug|Any CPU
		{80C914BE-5D5E-4C89-B0BC-488C7ECC3D7E}.Release|Any CPU.ActiveCfg = Release|Any CPU
		{80C914BE-5D5E-4C89-B0BC-488C7ECC3D7E}.Release|Any CPU.Build.0 = Release|Any CPU
		{C57B7FB3-5F34-453B-9ACD-9E4D512BC918}.Debug|Any CPU.ActiveCfg = Debug|Any CPU
		{C57B7FB3-5F34-453B-9ACD-9E4D512BC918}.Debug|Any CPU.Build.0 = Debug|Any CPU
		{C57B7FB3-5F34-453B-9ACD-9E4D512BC918}.Release|Any CPU.ActiveCfg = Release|Any CPU
		{C57B7FB3-5F34-453B-9ACD-9E4D512BC918}.Release|Any CPU.Build.0 = Release|Any CPU
	EndGlobalSection
	GlobalSection(SolutionProperties) = preSolution
		HideSolutionNode = FALSE
	EndGlobalSection
	GlobalSection(ExtensibilityGlobals) = postSolution
		SolutionGuid = {E72F144D-4189-4539-AA50-490F41FBBBE0}
	EndGlobalSection
EndGlobal
