
Microsoft Visual Studio Solution File, Format Version 12.00
# Visual Studio Version 17
VisualStudioVersion = 17.10.34928.147
MinimumVisualStudioVersion = 10.0.40219.1
Project("{FAE04EC0-301F-11D3-BF4B-00C04F79EFBC}") = "Explorer", "Explorer\Explorer.csproj", "{81AA50C5-324F-4440-8E9E-6B4541DDF69D}"
EndProject
Global
	GlobalSection(SolutionConfigurationPlatforms) = preSolution
		Debug|Any CPU = Debug|Any CPU
		Release|Any CPU = Release|Any CPU
	EndGlobalSection
	GlobalSection(ProjectConfigurationPlatforms) = postSolution
		{81AA50C5-324F-4440-8E9E-6B4541DDF69D}.Debug|Any CPU.ActiveCfg = Debug|Any CPU
		{81AA50C5-324F-4440-8E9E-6B4541DDF69D}.Debug|Any CPU.Build.0 = Debug|Any CPU
		{81AA50C5-324F-4440-8E9E-6B4541DDF69D}.Release|Any CPU.ActiveCfg = Release|Any CPU
		{81AA50C5-324F-4440-8E9E-6B4541DDF69D}.Release|Any CPU.Build.0 = Release|Any CPU
	EndGlobalSection
	GlobalSection(SolutionProperties) = preSolution
		HideSolutionNode = FALSE
	EndGlobalSection
	GlobalSection(ExtensibilityGlobals) = postSolution
		SolutionGuid = {D72365A5-C3C9-4BAE-BE6F-CAD7DCA29610}
	EndGlobalSection
EndGlobal
